
Microsoft Visual Studio Solution File, Format Version 12.00
# Visual Studio Version 16
VisualStudioVersion = 16.0.30002.166
MinimumVisualStudioVersion = 10.0.40219.1
Project("{FAE04EC0-301F-11D3-BF4B-00C04F79EFBC}") = "HelloWorldWinform", "HelloWorldWinform\HelloWorldWinform.csproj", "{3A126DA8-3B25-47D0-8B73-1E202B5D449C}"
EndProject
Global
	GlobalSection(SolutionConfigurationPlatforms) = preSolution
		Debug|Any CPU = Debug|Any CPU
		Release|Any CPU = Release|Any CPU
	EndGlobalSection
	GlobalSection(ProjectConfigurationPlatforms) = postSolution
		{3A126DA8-3B25-47D0-8B73-1E202B5D449C}.Debug|Any CPU.ActiveCfg = Debug|Any CPU
		{3A126DA8-3B25-47D0-8B73-1E202B5D449C}.Debug|Any CPU.Build.0 = Debug|Any CPU
		{3A126DA8-3B25-47D0-8B73-1E202B5D449C}.Release|Any CPU.ActiveCfg = Release|Any CPU
		{3A126DA8-3B25-47D0-8B73-1E202B5D449C}.Release|Any CPU.Build.0 = Release|Any CPU
	EndGlobalSection
	GlobalSection(SolutionProperties) = preSolution
		HideSolutionNode = FALSE
	EndGlobalSection
	GlobalSection(ExtensibilityGlobals) = postSolution
		SolutionGuid = {CCD48B16-92CC-457A-A6D4-ED387471D61F}
	EndGlobalSection
EndGlobal
